%{
  "dialyxir": {:hex, :dialyxir, "1.4.7", "dda948fcee52962e4b6c5b4b16b2d8fa7d50d8645bbae8b8685c3f9ecb7f5f4d", [:mix], [{:erlex, ">= 0.2.8", [hex: :erlex, repo: "hexpm", optional: false]}], "hexpm", "b34527202e6eb8cee198efec110996c25c5898f43a4094df157f8d28f27d9efe"},
  "doctest_formatter": {:hex, :doctest_formatter, "0.4.1", "c69bf93853d1ec5785cbd22dcf0c2bd4dd357cc53f2e89d05850eed7e985462a", [:mix], [], "hexpm", "c1b07495a524126de133be4e077b28c4a2d8e1a14c9eeca962482e2067b5b068"},
  "erlex": {:hex, :erlex, "0.2.8", "cd8116f20f3c0afe376d1e8d1f0ae2452337729f68be016ea544a72f767d9c12", [:mix], [], "hexpm", "9d66ff9fedf69e49dc3fd12831e12a8a37b76f8651dd21cd45fcf5561a8a7590"},
  "markdown_code_block_formatter": {:hex, :markdown_code_block_formatter, "0.1.0", "1eb35408f0ce2cbd40086fea5bbb2aebbb4805ffc2c967f9e54aa724fa4bd222", [:mix], [], "hexpm", "ce27a7c7497074c48941c1d74ab9c39a08db31f2875b867c6d5671d7d70682b0"},
}
