%{
  "dialyxir": {:hex, :dialyxir, "1.3.0", "fd1672f0922b7648ff9ce7b1b26fcf0ef56dda964a459892ad15f6b4410b5284", [:mix], [{:erlex, ">= 0.2.6", [hex: :erlex, repo: "hexpm", optional: false]}], "hexpm", "00b2a4bcd6aa8db9dcb0b38c1225b7277dca9bc370b6438715667071a304696f"},
  "doctest_formatter": {:hex, :doctest_formatter, "0.4.1", "c69bf93853d1ec5785cbd22dcf0c2bd4dd357cc53f2e89d05850eed7e985462a", [:mix], [], "hexpm", "c1b07495a524126de133be4e077b28c4a2d8e1a14c9eeca962482e2067b5b068"},
  "erlex": {:hex, :erlex, "0.2.6", "c7987d15e899c7a2f34f5420d2a2ea0d659682c06ac607572df55a43753aa12e", [:mix], [], "hexpm", "2ed2e25711feb44d52b17d2780eabf998452f6efda104877a3881c2f8c0c0c75"},
  "markdown_code_block_formatter": {:hex, :markdown_code_block_formatter, "0.1.0", "1eb35408f0ce2cbd40086fea5bbb2aebbb4805ffc2c967f9e54aa724fa4bd222", [:mix], [], "hexpm", "ce27a7c7497074c48941c1d74ab9c39a08db31f2875b867c6d5671d7d70682b0"},
}
